// !$*UTF8*$!
{
	archiveVersion = 1;
	classes = {
	};
	objectVersion = 48;
	objects = {

/* Begin PBXBuildFile section */
		F6F40C121FD5D89500DF9240 /* SwiftSideMenu.framework in Frameworks */ = {isa = PBXBuildFile; fileRef = F6F40C081FD5D89500DF9240 /* SwiftSideMenu.framework */; };
		F6F40C191FD5D89500DF9240 /* SwiftSideMenu.h in Headers */ = {isa = PBXBuildFile; fileRef = F6F40C0B1FD5D89500DF9240 /* SwiftSideMenu.h */; settings = {ATTRIBUTES = (Public, ); }; };
/* End PBXBuildFile section */

/* Begin PBXContainerItemProxy section */
		F6F40C131FD5D89500DF9240 /* PBXContainerItemProxy */ = {
			isa = PBXContainerItemProxy;
			containerPortal = F6F40BFF1FD5D89500DF9240 /* Project object */;
			proxyType = 1;
			remoteGlobalIDString = F6F40C071FD5D89500DF9240;
			remoteInfo = SwiftSideMenu;
		};
/* End PBXContainerItemProxy section */

/* Begin PBXFileReference section */
		F6F40C081FD5D89500DF9240 /* SwiftSideMenu.framework */ = {isa = PBXFileReference; explicitFileType = wrapper.framework; includeInIndex = 0; path = SwiftSideMenu.framework; sourceTree = BUILT_PRODUCTS_DIR; };
		F6F40C0B1FD5D89500DF9240 /* SwiftSideMenu.h */ = {isa = PBXFileReference; lastKnownFileType = sourcecode.c.h; path = SwiftSideMenu.h; sourceTree = "<group>"; };
		F6F40C0C1FD5D89500DF9240 /* Info.plist */ = {isa = PBXFileReference; lastKnownFileType = text.plist.xml; path = Info.plist; sourceTree = "<group>"; };
		F6F40C111FD5D89500DF9240 /* SwiftSideMenuTests.xctest */ = {isa = PBXFileReference; explicitFileType = wrapper.cfbundle; includeInIndex = 0; path = SwiftSideMenuTests.xctest; sourceTree = BUILT_PRODUCTS_DIR; };
		F6F40C181FD5D89500DF9240 /* Info.plist */ = {isa = PBXFileReference; lastKnownFileType = text.plist.xml; path = Info.plist; sourceTree = "<group>"; };
/* End PBXFileReference section */

/* Begin PBXFrameworksBuildPhase section */
		F6F40C041FD5D89500DF9240 /* Frameworks */ = {
			isa = PBXFrameworksBuildPhase;
			buildActionMask = 2147483647;
			files = (
			);
			runOnlyForDeploymentPostprocessing = 0;
		};
		F6F40C0E1FD5D89500DF9240 /* Frameworks */ = {
			isa = PBXFrameworksBuildPhase;
			buildActionMask = 2147483647;
			files = (
				F6F40C121FD5D89500DF9240 /* SwiftSideMenu.framework in Frameworks */,
			);
			runOnlyForDeploymentPostprocessing = 0;
		};
/* End PBXFrameworksBuildPhase section */

/* Begin PBXGroup section */
		F6F40BFE1FD5D89500DF9240 = {
			isa = PBXGroup;
			children = (
				F6F40C0A1FD5D89500DF9240 /* SwiftSideMenu */,
				F6F40C151FD5D89500DF9240 /* SwiftSideMenuTests */,
				F6F40C091FD5D89500DF9240 /* Products */,
			);
			sourceTree = "<group>";
		};
		F6F40C091FD5D89500DF9240 /* Products */ = {
			isa = PBXGroup;
			children = (
				F6F40C081FD5D89500DF9240 /* SwiftSideMenu.framework */,
				F6F40C111FD5D89500DF9240 /* SwiftSideMenuTests.xctest */,
			);
			name = Products;
			sourceTree = "<group>";
		};
		F6F40C0A1FD5D89500DF9240 /* SwiftSideMenu */ = {
			isa = PBXGroup;
			children = (
				F6F40C0B1FD5D89500DF9240 /* SwiftSideMenu.h */,
				F6F40C0C1FD5D89500DF9240 /* Info.plist */,
			);
			path = SwiftSideMenu;
			sourceTree = "<group>";
		};
		F6F40C151FD5D89500DF9240 /* SwiftSideMenuTests */ = {
			isa = PBXGroup;
			children = (
				F6F40C181FD5D89500DF9240 /* Info.plist */,
			);
			path = SwiftSideMenuTests;
			sourceTree = "<group>";
		};
/* End PBXGroup section */

/* Begin PBXHeadersBuildPhase section */
		F6F40C051FD5D89500DF9240 /* Headers */ = {
			isa = PBXHeadersBuildPhase;
			buildActionMask = 2147483647;
			files = (
				F6F40C191FD5D89500DF9240 /* SwiftSideMenu.h in Headers */,
			);
			runOnlyForDeploymentPostprocessing = 0;
		};
/* End PBXHeadersBuildPhase section */

/* Begin PBXNativeTarget section */
		F6F40C071FD5D89500DF9240 /* SwiftSideMenu */ = {
			isa = PBXNativeTarget;
			buildConfigurationList = F6F40C1C1FD5D89500DF9240 /* Build configuration list for PBXNativeTarget "SwiftSideMenu" */;
			buildPhases = (
				F6F40C031FD5D89500DF9240 /* Sources */,
				F6F40C041FD5D89500DF9240 /* Frameworks */,
				F6F40C051FD5D89500DF9240 /* Headers */,
				F6F40C061FD5D89500DF9240 /* Resources */,
			);
			buildRules = (
			);
			dependencies = (
			);
			name = SwiftSideMenu;
			productName = SwiftSideMenu;
			productReference = F6F40C081FD5D89500DF9240 /* SwiftSideMenu.framework */;
			productType = "com.apple.product-type.framework";
		};
		F6F40C101FD5D89500DF9240 /* SwiftSideMenuTests */ = {
			isa = PBXNativeTarget;
			buildConfigurationList = F6F40C1F1FD5D89500DF9240 /* Build configuration list for PBXNativeTarget "SwiftSideMenuTests" */;
			buildPhases = (
				F6F40C0D1FD5D89500DF9240 /* Sources */,
				F6F40C0E1FD5D89500DF9240 /* Frameworks */,
				F6F40C0F1FD5D89500DF9240 /* Resources */,
			);
			buildRules = (
			);
			dependencies = (
				F6F40C141FD5D89500DF9240 /* PBXTargetDependency */,
			);
			name = SwiftSideMenuTests;
			productName = SwiftSideMenuTests;
			productReference = F6F40C111FD5D89500DF9240 /* SwiftSideMenuTests.xctest */;
			productType = "com.apple.product-type.bundle.unit-test";
		};
/* End PBXNativeTarget section */

/* Begin PBXProject section */
		F6F40BFF1FD5D89500DF9240 /* Project object */ = {
			isa = PBXProject;
			attributes = {
				LastSwiftUpdateCheck = 0910;
				LastUpgradeCheck = 0910;
				ORGANIZATIONNAME = Rep;
				TargetAttributes = {
					F6F40C071FD5D89500DF9240 = {
						CreatedOnToolsVersion = 9.1;
						ProvisioningStyle = Automatic;
					};
					F6F40C101FD5D89500DF9240 = {
						CreatedOnToolsVersion = 9.1;
						ProvisioningStyle = Automatic;
					};
				};
			};
			buildConfigurationList = F6F40C021FD5D89500DF9240 /* Build configuration list for PBXProject "SwiftSideMenu" */;
			compatibilityVersion = "Xcode 8.0";
			developmentRegion = en;
			hasScannedForEncodings = 0;
			knownRegions = (
				en,
			);
			mainGroup = F6F40BFE1FD5D89500DF9240;
			productRefGroup = F6F40C091FD5D89500DF9240 /* Products */;
			projectDirPath = "";
			projectRoot = "";
			targets = (
				F6F40C071FD5D89500DF9240 /* SwiftSideMenu */,
				F6F40C101FD5D89500DF9240 /* SwiftSideMenuTests */,
			);
		};
/* End PBXProject section */

/* Begin PBXResourcesBuildPhase section */
		F6F40C061FD5D89500DF9240 /* Resources */ = {
			isa = PBXResourcesBuildPhase;
			buildActionMask = 2147483647;
			files = (
			);
			runOnlyForDeploymentPostprocessing = 0;
		};
		F6F40C0F1FD5D89500DF9240 /* Resources */ = {
			isa = PBXResourcesBuildPhase;
			buildActionMask = 2147483647;
			files = (
			);
			runOnlyForDeploymentPostprocessing = 0;
		};
/* End PBXResourcesBuildPhase section */

/* Begin PBXSourcesBuildPhase section */
		F6F40C031FD5D89500DF9240 /* Sources */ = {
			isa = PBXSourcesBuildPhase;
			buildActionMask = 2147483647;
			files = (
			);
			runOnlyForDeploymentPostprocessing = 0;
		};
		F6F40C0D1FD5D89500DF9240 /* Sources */ = {
			isa = PBXSourcesBuildPhase;
			buildActionMask = 2147483647;
			files = (
			);
			runOnlyForDeploymentPostprocessing = 0;
		};
/* End PBXSourcesBuildPhase section */

/* Begin PBXTargetDependency section */
		F6F40C141FD5D89500DF9240 /* PBXTargetDependency */ = {
			isa = PBXTargetDependency;
			target = F6F40C071FD5D89500DF9240 /* SwiftSideMenu */;
			targetProxy = F6F40C131FD5D89500DF9240 /* PBXContainerItemProxy */;
		};
/* End PBXTargetDependency section */

/* Begin XCBuildConfiguration section */
		F6F40C1A1FD5D89500DF9240 /* Debug */ = {
			isa = XCBuildConfiguration;
			buildSettings = {
				ALWAYS_SEARCH_USER_PATHS = NO;
				CLANG_ANALYZER_NONNULL = YES;
				CLANG_ANALYZER_NUMBER_OBJECT_CONVERSION = YES_AGGRESSIVE;
				CLANG_CXX_LANGUAGE_STANDARD = "gnu++14";
				CLANG_CXX_LIBRARY = "libc++";
				CLANG_ENABLE_MODULES = YES;
				CLANG_ENABLE_OBJC_ARC = YES;
				CLANG_WARN_BLOCK_CAPTURE_AUTORELEASING = YES;
				CLANG_WARN_BOOL_CONVERSION = YES;
				CLANG_WARN_COMMA = YES;
				CLANG_WARN_CONSTANT_CONVERSION = YES;
				CLANG_WARN_DIRECT_OBJC_ISA_USAGE = YES_ERROR;
				CLANG_WARN_DOCUMENTATION_COMMENTS = YES;
				CLANG_WARN_EMPTY_BODY = YES;
				CLANG_WARN_ENUM_CONVERSION = YES;
				CLANG_WARN_INFINITE_RECURSION = YES;
				CLANG_WARN_INT_CONVERSION = YES;
				CLANG_WARN_NON_LITERAL_NULL_CONVERSION = YES;
				CLANG_WARN_OBJC_LITERAL_CONVERSION = YES;
				CLANG_WARN_OBJC_ROOT_CLASS = YES_ERROR;
				CLANG_WARN_RANGE_LOOP_ANALYSIS = YES;
				CLANG_WARN_STRICT_PROTOTYPES = YES;
				CLANG_WARN_SUSPICIOUS_MOVE = YES;
				CLANG_WARN_UNGUARDED_AVAILABILITY = YES_AGGRESSIVE;
				CLANG_WARN_UNREACHABLE_CODE = YES;
				CLANG_WARN__DUPLICATE_METHOD_MATCH = YES;
				CODE_SIGN_IDENTITY = "iPhone Developer";
				COPY_PHASE_STRIP = NO;
				CURRENT_PROJECT_VERSION = 1;
				DEBUG_INFORMATION_FORMAT = dwarf;
				ENABLE_STRICT_OBJC_MSGSEND = YES;
				ENABLE_TESTABILITY = YES;
				GCC_C_LANGUAGE_STANDARD = gnu11;
				GCC_DYNAMIC_NO_PIC = NO;
				GCC_NO_COMMON_BLOCKS = YES;
				GCC_OPTIMIZATION_LEVEL = 0;
				GCC_PREPROCESSOR_DEFINITIONS = (
					"DEBUG=1",
					"$(inherited)",
				);
				GCC_WARN_64_TO_32_BIT_CONVERSION = YES;
				GCC_WARN_ABOUT_RETURN_TYPE = YES_ERROR;
				GCC_WARN_UNDECLARED_SELECTOR = YES;
				GCC_WARN_UNINITIALIZED_AUTOS = YES_AGGRESSIVE;
				GCC_WARN_UNUSED_FUNCTION = YES;
				GCC_WARN_UNUSED_VARIABLE = YES;
				IPHONEOS_DEPLOYMENT_TARGET = 11.1;
				MTL_ENABLE_DEBUG_INFO = YES;
				ONLY_ACTIVE_ARCH = YES;
				SDKROOT = iphoneos;
				SWIFT_ACTIVE_COMPILATION_CONDITIONS = DEBUG;
				SWIFT_OPTIMIZATION_LEVEL = "-Onone";
				VERSIONING_SYSTEM = "apple-generic";
				VERSION_INFO_PREFIX = "";
			};
			name = Debug;
		};
		F6F40C1B1FD5D89500DF9240 /* Release */ = {
			isa = XCBuildConfiguration;
			buildSettings = {
				ALWAYS_SEARCH_USER_PATHS = NO;
				CLANG_ANALYZER_NONNULL = YES;
				CLANG_ANALYZER_NUMBER_OBJECT_CONVERSION = YES_AGGRESSIVE;
				CLANG_CXX_LANGUAGE_STANDARD = "gnu++14";
				CLANG_CXX_LIBRARY = "libc++";
				CLANG_ENABLE_MODULES = YES;
				CLANG_ENABLE_OBJC_ARC = YES;
				CLANG_WARN_BLOCK_CAPTURE_AUTORELEASING = YES;
				CLANG_WARN_BOOL_CONVERSION = YES;
				CLANG_WARN_COMMA = YES;
				CLANG_WARN_CONSTANT_CONVERSION = YES;
				CLANG_WARN_DIRECT_OBJC_ISA_USAGE = YES_ERROR;
				CLANG_WARN_DOCUMENTATION_COMMENTS = YES;
				CLANG_WARN_EMPTY_BODY = YES;
				CLANG_WARN_ENUM_CONVERSION = YES;
				CLANG_WARN_INFINITE_RECURSION = YES;
				CLANG_WARN_INT_CONVERSION = YES;
				CLANG_WARN_NON_LITERAL_NULL_CONVERSION = YES;
				CLANG_WARN_OBJC_LITERAL_CONVERSION = YES;
				CLANG_WARN_OBJC_ROOT_CLASS = YES_ERROR;
				CLANG_WARN_RANGE_LOOP_ANALYSIS = YES;
				CLANG_WARN_STRICT_PROTOTYPES = YES;
				CLANG_WARN_SUSPICIOUS_MOVE = YES;
				CLANG_WARN_UNGUARDED_AVAILABILITY = YES_AGGRESSIVE;
				CLANG_WARN_UNREACHABLE_CODE = YES;
				CLANG_WARN__DUPLICATE_METHOD_MATCH = YES;
				CODE_SIGN_IDENTITY = "iPhone Developer";
				COPY_PHASE_STRIP = NO;
				CURRENT_PROJECT_VERSION = 1;
				DEBUG_INFORMATION_FORMAT = "dwarf-with-dsym";
				ENABLE_NS_ASSERTIONS = NO;
				ENABLE_STRICT_OBJC_MSGSEND = YES;
				GCC_C_LANGUAGE_STANDARD = gnu11;
				GCC_NO_COMMON_BLOCKS = YES;
				GCC_WARN_64_TO_32_BIT_CONVERSION = YES;
				GCC_WARN_ABOUT_RETURN_TYPE = YES_ERROR;
				GCC_WARN_UNDECLARED_SELECTOR = YES;
				GCC_WARN_UNINITIALIZED_AUTOS = YES_AGGRESSIVE;
				GCC_WARN_UNUSED_FUNCTION = YES;
				GCC_WARN_UNUSED_VARIABLE = YES;
				IPHONEOS_DEPLOYMENT_TARGET = 11.1;
				MTL_ENABLE_DEBUG_INFO = NO;
				SDKROOT = iphoneos;
				SWIFT_OPTIMIZATION_LEVEL = "-Owholemodule";
				VALIDATE_PRODUCT = YES;
				VERSIONING_SYSTEM = "apple-generic";
				VERSION_INFO_PREFIX = "";
			};
			name = Release;
		};
		F6F40C1D1FD5D89500DF9240 /* Debug */ = {
			isa = XCBuildConfiguration;
			buildSettings = {
				CODE_SIGN_IDENTITY = "";
				CODE_SIGN_STYLE = Automatic;
				DEFINES_MODULE = YES;
				DEVELOPMENT_TEAM = MDX989Y6D8;
				DYLIB_COMPATIBILITY_VERSION = 1;
				DYLIB_CURRENT_VERSION = 1;
				DYLIB_INSTALL_NAME_BASE = "@rpath";
				INFOPLIST_FILE = SwiftSideMenu/Info.plist;
				INSTALL_PATH = "$(LOCAL_LIBRARY_DIR)/Frameworks";
				LD_RUNPATH_SEARCH_PATHS = "$(inherited) @executable_path/Frameworks @loader_path/Frameworks";
				PRODUCT_BUNDLE_IDENTIFIER = com.rep.SwiftSideMenu;
				PRODUCT_NAME = "$(TARGET_NAME:c99extidentifier)";
				SKIP_INSTALL = YES;
				SWIFT_VERSION = 4.0;
				TARGETED_DEVICE_FAMILY = "1,2";
			};
			name = Debug;
		};
		F6F40C1E1FD5D89500DF9240 /* Release */ = {
			isa = XCBuildConfiguration;
			buildSettings = {
				CODE_SIGN_IDENTITY = "";
				CODE_SIGN_STYLE = Automatic;
				DEFINES_MODULE = YES;
				DEVELOPMENT_TEAM = MDX989Y6D8;
				DYLIB_COMPATIBILITY_VERSION = 1;
				DYLIB_CURRENT_VERSION = 1;
				DYLIB_INSTALL_NAME_BASE = "@rpath";
				INFOPLIST_FILE = SwiftSideMenu/Info.plist;
				INSTALL_PATH = "$(LOCAL_LIBRARY_DIR)/Frameworks";
				LD_RUNPATH_SEARCH_PATHS = "$(inherited) @executable_path/Frameworks @loader_path/Frameworks";
				PRODUCT_BUNDLE_IDENTIFIER = com.rep.SwiftSideMenu;
				PRODUCT_NAME = "$(TARGET_NAME:c99extidentifier)";
				SKIP_INSTALL = YES;
				SWIFT_VERSION = 4.0;
				TARGETED_DEVICE_FAMILY = "1,2";
			};
			name = Release;
		};
		F6F40C201FD5D89500DF9240 /* Debug */ = {
			isa = XCBuildConfiguration;
			buildSettings = {
				CODE_SIGN_STYLE = Automatic;
				DEVELOPMENT_TEAM = MDX989Y6D8;
				INFOPLIST_FILE = SwiftSideMenuTests/Info.plist;
				LD_RUNPATH_SEARCH_PATHS = "$(inherited) @executable_path/Frameworks @loader_path/Frameworks";
				PRODUCT_BUNDLE_IDENTIFIER = com.rep.SwiftSideMenuTests;
				PRODUCT_NAME = "$(TARGET_NAME)";
				SWIFT_VERSION = 4.0;
				TARGETED_DEVICE_FAMILY = "1,2";
			};
			name = Debug;
		};
		F6F40C211FD5D89500DF9240 /* Release */ = {
			isa = XCBuildConfiguration;
			buildSettings = {
				CODE_SIGN_STYLE = Automatic;
				DEVELOPMENT_TEAM = MDX989Y6D8;
				INFOPLIST_FILE = SwiftSideMenuTests/Info.plist;
				LD_RUNPATH_SEARCH_PATHS = "$(inherited) @executable_path/Frameworks @loader_path/Frameworks";
				PRODUCT_BUNDLE_IDENTIFIER = com.rep.SwiftSideMenuTests;
				PRODUCT_NAME = "$(TARGET_NAME)";
				SWIFT_VERSION = 4.0;
				TARGETED_DEVICE_FAMILY = "1,2";
			};
			name = Release;
		};
/* End XCBuildConfiguration section */

/* Begin XCConfigurationList section */
		F6F40C021FD5D89500DF9240 /* Build configuration list for PBXProject "SwiftSideMenu" */ = {
			isa = XCConfigurationList;
			buildConfigurations = (
				F6F40C1A1FD5D89500DF9240 /* Debug */,
				F6F40C1B1FD5D89500DF9240 /* Release */,
			);
			defaultConfigurationIsVisible = 0;
			defaultConfigurationName = Release;
		};
		F6F40C1C1FD5D89500DF9240 /* Build configuration list for PBXNativeTarget "SwiftSideMenu" */ = {
			isa = XCConfigurationList;
			buildConfigurations = (
				F6F40C1D1FD5D89500DF9240 /* Debug */,
				F6F40C1E1FD5D89500DF9240 /* Release */,
			);
			defaultConfigurationIsVisible = 0;
			defaultConfigurationName = Release;
		};
		F6F40C1F1FD5D89500DF9240 /* Build configuration list for PBXNativeTarget "SwiftSideMenuTests" */ = {
			isa = XCConfigurationList;
			buildConfigurations = (
				F6F40C201FD5D89500DF9240 /* Debug */,
				F6F40C211FD5D89500DF9240 /* Release */,
			);
			defaultConfigurationIsVisible = 0;
			defaultConfigurationName = Release;
		};
/* End XCConfigurationList section */
	};
	rootObject = F6F40BFF1FD5D89500DF9240 /* Project object */;
}
